// !$*UTF8*$!
{
	archiveVersion = 1;
	classes = {
	};
	objectVersion = 50;
	objects = {

/* Begin PBXBuildFile section */
		3552798B2313F20B005992CF /* AppDelegate.swift in Sources */ = {isa = PBXBuildFile; fileRef = 3552798A2313F20B005992CF /* AppDelegate.swift */; };
		3552798D2313F20B005992CF /* SceneDelegate.swift in Sources */ = {isa = PBXBuildFile; fileRef = 3552798C2313F20B005992CF /* SceneDelegate.swift */; };
		3552798F2313F20B005992CF /* ViewController.swift in Sources */ = {isa = PBXBuildFile; fileRef = 3552798E2313F20B005992CF /* ViewController.swift */; };
		355279922313F20B005992CF /* Main.storyboard in Resources */ = {isa = PBXBuildFile; fileRef = 355279902313F20B005992CF /* Main.storyboard */; };
		355279942313F20C005992CF /* Assets.xcassets in Resources */ = {isa = PBXBuildFile; fileRef = 355279932313F20C005992CF /* Assets.xcassets */; };
		355279972313F20C005992CF /* LaunchScreen.storyboard in Resources */ = {isa = PBXBuildFile; fileRef = 355279952313F20C005992CF /* LaunchScreen.storyboard */; };
		3552799F2313F219005992CF /* LFLocation.swift in Sources */ = {isa = PBXBuildFile; fileRef = 3552799E2313F219005992CF /* LFLocation.swift */; };
/* End PBXBuildFile section */

/* Begin PBXFileReference section */
		355279872313F20B005992CF /* LFLocationDemo.app */ = {isa = PBXFileReference; explicitFileType = wrapper.application; includeInIndex = 0; path = LFLocationDemo.app; sourceTree = BUILT_PRODUCTS_DIR; };
		3552798A2313F20B005992CF /* AppDelegate.swift */ = {isa = PBXFileReference; lastKnownFileType = sourcecode.swift; path = AppDelegate.swift; sourceTree = "<group>"; };
		3552798C2313F20B005992CF /* SceneDelegate.swift */ = {isa = PBXFileReference; lastKnownFileType = sourcecode.swift; path = SceneDelegate.swift; sourceTree = "<group>"; };
		3552798E2313F20B005992CF /* ViewController.swift */ = {isa = PBXFileReference; lastKnownFileType = sourcecode.swift; path = ViewController.swift; sourceTree = "<group>"; };
		355279912313F20B005992CF /* Base */ = {isa = PBXFileReference; lastKnownFileType = file.storyboard; name = Base; path = Base.lproj/Main.storyboard; sourceTree = "<group>"; };
		355279932313F20C005992CF /* Assets.xcassets */ = {isa = PBXFileReference; lastKnownFileType = folder.assetcatalog; path = Assets.xcassets; sourceTree = "<group>"; };
		355279962313F20C005992CF /* Base */ = {isa = PBXFileReference; lastKnownFileType = file.storyboard; name = Base; path = Base.lproj/LaunchScreen.storyboard; sourceTree = "<group>"; };
		355279982313F20C005992CF /* Info.plist */ = {isa = PBXFileReference; lastKnownFileType = text.plist.xml; path = Info.plist; sourceTree = "<group>"; };
		3552799E2313F219005992CF /* LFLocation.swift */ = {isa = PBXFileReference; lastKnownFileType = sourcecode.swift; path = LFLocation.swift; sourceTree = "<group>"; };
/* End PBXFileReference section */

/* Begin PBXFrameworksBuildPhase section */
		355279842313F20B005992CF /* Frameworks */ = {
			isa = PBXFrameworksBuildPhase;
			buildActionMask = 2147483647;
			files = (
			);
			runOnlyForDeploymentPostprocessing = 0;
		};
/* End PBXFrameworksBuildPhase section */

/* Begin PBXGroup section */
		3552797E2313F20B005992CF = {
			isa = PBXGroup;
			children = (
				355279892313F20B005992CF /* LFLocationDemo */,
				355279882313F20B005992CF /* Products */,
			);
			sourceTree = "<group>";
		};
		355279882313F20B005992CF /* Products */ = {
			isa = PBXGroup;
			children = (
				355279872313F20B005992CF /* LFLocationDemo.app */,
			);
			name = Products;
			sourceTree = "<group>";
		};
		355279892313F20B005992CF /* LFLocationDemo */ = {
			isa = PBXGroup;
			children = (
				3552798A2313F20B005992CF /* AppDelegate.swift */,
				3552798C2313F20B005992CF /* SceneDelegate.swift */,
				3552798E2313F20B005992CF /* ViewController.swift */,
				355279A02313F21D005992CF /* LFLocation */,
				355279902313F20B005992CF /* Main.storyboard */,
				355279932313F20C005992CF /* Assets.xcassets */,
				355279952313F20C005992CF /* LaunchScreen.storyboard */,
				355279982313F20C005992CF /* Info.plist */,
			);
			path = LFLocationDemo;
			sourceTree = "<group>";
		};
		355279A02313F21D005992CF /* LFLocation */ = {
			isa = PBXGroup;
			children = (
				3552799E2313F219005992CF /* LFLocation.swift */,
			);
			path = LFLocation;
			sourceTree = "<group>";
		};
/* End PBXGroup section */

/* Begin PBXNativeTarget section */
		355279862313F20B005992CF /* LFLocationDemo */ = {
			isa = PBXNativeTarget;
			buildConfigurationList = 3552799B2313F20C005992CF /* Build configuration list for PBXNativeTarget "LFLocationDemo" */;
			buildPhases = (
				355279832313F20B005992CF /* Sources */,
				355279842313F20B005992CF /* Frameworks */,
				355279852313F20B005992CF /* Resources */,
			);
			buildRules = (
			);
			dependencies = (
			);
			name = LFLocationDemo;
			productName = LFLocationDemo;
			productReference = 355279872313F20B005992CF /* LFLocationDemo.app */;
			productType = "com.apple.product-type.application";
		};
/* End PBXNativeTarget section */

/* Begin PBXProject section */
		3552797F2313F20B005992CF /* Project object */ = {
			isa = PBXProject;
			attributes = {
				LastSwiftUpdateCheck = 1100;
				LastUpgradeCheck = 1100;
				ORGANIZATIONNAME = LeonDeng;
				TargetAttributes = {
					355279862313F20B005992CF = {
						CreatedOnToolsVersion = 11.0;
					};
				};
			};
			buildConfigurationList = 355279822313F20B005992CF /* Build configuration list for PBXProject "LFLocationDemo" */;
			compatibilityVersion = "Xcode 9.3";
			developmentRegion = en;
			hasScannedForEncodings = 0;
			knownRegions = (
				en,
				Base,
			);
			mainGroup = 3552797E2313F20B005992CF;
			productRefGroup = 355279882313F20B005992CF /* Products */;
			projectDirPath = "";
			projectRoot = "";
			targets = (
				355279862313F20B005992CF /* LFLocationDemo */,
			);
		};
/* End PBXProject section */

/* Begin PBXResourcesBuildPhase section */
		355279852313F20B005992CF /* Resources */ = {
			isa = PBXResourcesBuildPhase;
			buildActionMask = 2147483647;
			files = (
				355279972313F20C005992CF /* LaunchScreen.storyboard in Resources */,
				355279942313F20C005992CF /* Assets.xcassets in Resources */,
				355279922313F20B005992CF /* Main.storyboard in Resources */,
			);
			runOnlyForDeploymentPostprocessing = 0;
		};
/* End PBXResourcesBuildPhase section */

/* Begin PBXSourcesBuildPhase section */
		355279832313F20B005992CF /* Sources */ = {
			isa = PBXSourcesBuildPhase;
			buildActionMask = 2147483647;
			files = (
				3552798F2313F20B005992CF /* ViewController.swift in Sources */,
				3552798B2313F20B005992CF /* AppDelegate.swift in Sources */,
				3552799F2313F219005992CF /* LFLocation.swift in Sources */,
				3552798D2313F20B005992CF /* SceneDelegate.swift in Sources */,
			);
			runOnlyForDeploymentPostprocessing = 0;
		};
/* End PBXSourcesBuildPhase section */

/* Begin PBXVariantGroup section */
		355279902313F20B005992CF /* Main.storyboard */ = {
			isa = PBXVariantGroup;
			children = (
				355279912313F20B005992CF /* Base */,
			);
			name = Main.storyboard;
			sourceTree = "<group>";
		};
		355279952313F20C005992CF /* LaunchScreen.storyboard */ = {
			isa = PBXVariantGroup;
			children = (
				355279962313F20C005992CF /* Base */,
			);
			name = LaunchScreen.storyboard;
			sourceTree = "<group>";
		};
/* End PBXVariantGroup section */

/* Begin XCBuildConfiguration section */
		355279992313F20C005992CF /* Debug */ = {
			isa = XCBuildConfiguration;
			buildSettings = {
				ALWAYS_SEARCH_USER_PATHS = NO;
				CLANG_ANALYZER_NONNULL = YES;
				CLANG_ANALYZER_NUMBER_OBJECT_CONVERSION = YES_AGGRESSIVE;
				CLANG_CXX_LANGUAGE_STANDARD = "gnu++14";
				CLANG_CXX_LIBRARY = "libc++";
				CLANG_ENABLE_MODULES = YES;
				CLANG_ENABLE_OBJC_ARC = YES;
				CLANG_ENABLE_OBJC_WEAK = YES;
				CLANG_WARN_BLOCK_CAPTURE_AUTORELEASING = YES;
				CLANG_WARN_BOOL_CONVERSION = YES;
				CLANG_WARN_COMMA = YES;
				CLANG_WARN_CONSTANT_CONVERSION = YES;
				CLANG_WARN_DEPRECATED_OBJC_IMPLEMENTATIONS = YES;
				CLANG_WARN_DIRECT_OBJC_ISA_USAGE = YES_ERROR;
				CLANG_WARN_DOCUMENTATION_COMMENTS = YES;
				CLANG_WARN_EMPTY_BODY = YES;
				CLANG_WARN_ENUM_CONVERSION = YES;
				CLANG_WARN_INFINITE_RECURSION = YES;
				CLANG_WARN_INT_CONVERSION = YES;
				CLANG_WARN_NON_LITERAL_NULL_CONVERSION = YES;
				CLANG_WARN_OBJC_IMPLICIT_RETAIN_SELF = YES;
				CLANG_WARN_OBJC_LITERAL_CONVERSION = YES;
				CLANG_WARN_OBJC_ROOT_CLASS = YES_ERROR;
				CLANG_WARN_RANGE_LOOP_ANALYSIS = YES;
				CLANG_WARN_STRICT_PROTOTYPES = YES;
				CLANG_WARN_SUSPICIOUS_MOVE = YES;
				CLANG_WARN_UNGUARDED_AVAILABILITY = YES_AGGRESSIVE;
				CLANG_WARN_UNREACHABLE_CODE = YES;
				CLANG_WARN__DUPLICATE_METHOD_MATCH = YES;
				COPY_PHASE_STRIP = NO;
				DEBUG_INFORMATION_FORMAT = dwarf;
				ENABLE_STRICT_OBJC_MSGSEND = YES;
				ENABLE_TESTABILITY = YES;
				GCC_C_LANGUAGE_STANDARD = gnu11;
				GCC_DYNAMIC_NO_PIC = NO;
				GCC_NO_COMMON_BLOCKS = YES;
				GCC_OPTIMIZATION_LEVEL = 0;
				GCC_PREPROCESSOR_DEFINITIONS = (
					"DEBUG=1",
					"$(inherited)",
				);
				GCC_WARN_64_TO_32_BIT_CONVERSION = YES;
				GCC_WARN_ABOUT_RETURN_TYPE = YES_ERROR;
				GCC_WARN_UNDECLARED_SELECTOR = YES;
				GCC_WARN_UNINITIALIZED_AUTOS = YES_AGGRESSIVE;
				GCC_WARN_UNUSED_FUNCTION = YES;
				GCC_WARN_UNUSED_VARIABLE = YES;
				IPHONEOS_DEPLOYMENT_TARGET = 13.0;
				MTL_ENABLE_DEBUG_INFO = INCLUDE_SOURCE;
				MTL_FAST_MATH = YES;
				ONLY_ACTIVE_ARCH = YES;
				SDKROOT = iphoneos;
				SWIFT_ACTIVE_COMPILATION_CONDITIONS = DEBUG;
				SWIFT_OPTIMIZATION_LEVEL = "-Onone";
			};
			name = Debug;
		};
		3552799A2313F20C005992CF /* Release */ = {
			isa = XCBuildConfiguration;
			buildSettings = {
				ALWAYS_SEARCH_USER_PATHS = NO;
				CLANG_ANALYZER_NONNULL = YES;
				CLANG_ANALYZER_NUMBER_OBJECT_CONVERSION = YES_AGGRESSIVE;
				CLANG_CXX_LANGUAGE_STANDARD = "gnu++14";
				CLANG_CXX_LIBRARY = "libc++";
				CLANG_ENABLE_MODULES = YES;
				CLANG_ENABLE_OBJC_ARC = YES;
				CLANG_ENABLE_OBJC_WEAK = YES;
				CLANG_WARN_BLOCK_CAPTURE_AUTORELEASING = YES;
				CLANG_WARN_BOOL_CONVERSION = YES;
				CLANG_WARN_COMMA = YES;
				CLANG_WARN_CONSTANT_CONVERSION = YES;
				CLANG_WARN_DEPRECATED_OBJC_IMPLEMENTATIONS = YES;
				CLANG_WARN_DIRECT_OBJC_ISA_USAGE = YES_ERROR;
				CLANG_WARN_DOCUMENTATION_COMMENTS = YES;
				CLANG_WARN_EMPTY_BODY = YES;
				CLANG_WARN_ENUM_CONVERSION = YES;
				CLANG_WARN_INFINITE_RECURSION = YES;
				CLANG_WARN_INT_CONVERSION = YES;
				CLANG_WARN_NON_LITERAL_NULL_CONVERSION = YES;
				CLANG_WARN_OBJC_IMPLICIT_RETAIN_SELF = YES;
				CLANG_WARN_OBJC_LITERAL_CONVERSION = YES;
				CLANG_WARN_OBJC_ROOT_CLASS = YES_ERROR;
				CLANG_WARN_RANGE_LOOP_ANALYSIS = YES;
				CLANG_WARN_STRICT_PROTOTYPES = YES;
				CLANG_WARN_SUSPICIOUS_MOVE = YES;
				CLANG_WARN_UNGUARDED_AVAILABILITY = YES_AGGRESSIVE;
				CLANG_WARN_UNREACHABLE_CODE = YES;
				CLANG_WARN__DUPLICATE_METHOD_MATCH = YES;
				COPY_PHASE_STRIP = NO;
				DEBUG_INFORMATION_FORMAT = "dwarf-with-dsym";
				ENABLE_NS_ASSERTIONS = NO;
				ENABLE_STRICT_OBJC_MSGSEND = YES;
				GCC_C_LANGUAGE_STANDARD = gnu11;
				GCC_NO_COMMON_BLOCKS = YES;
				GCC_WARN_64_TO_32_BIT_CONVERSION = YES;
				GCC_WARN_ABOUT_RETURN_TYPE = YES_ERROR;
				GCC_WARN_UNDECLARED_SELECTOR = YES;
				GCC_WARN_UNINITIALIZED_AUTOS = YES_AGGRESSIVE;
				GCC_WARN_UNUSED_FUNCTION = YES;
				GCC_WARN_UNUSED_VARIABLE = YES;
				IPHONEOS_DEPLOYMENT_TARGET = 13.0;
				MTL_ENABLE_DEBUG_INFO = NO;
				MTL_FAST_MATH = YES;
				SDKROOT = iphoneos;
				SWIFT_COMPILATION_MODE = wholemodule;
				SWIFT_OPTIMIZATION_LEVEL = "-O";
				VALIDATE_PRODUCT = YES;
			};
			name = Release;
		};
		3552799C2313F20C005992CF /* Debug */ = {
			isa = XCBuildConfiguration;
			buildSettings = {
				ASSETCATALOG_COMPILER_APPICON_NAME = AppIcon;
				CODE_SIGN_STYLE = Automatic;
				DEVELOPMENT_TEAM = VSH7W5Y66V;
				INFOPLIST_FILE = LFLocationDemo/Info.plist;
				LD_RUNPATH_SEARCH_PATHS = (
					"$(inherited)",
					"@executable_path/Frameworks",
				);
				PRODUCT_BUNDLE_IDENTIFIER = com.GIthub.LFLocationDemo;
				PRODUCT_NAME = "$(TARGET_NAME)";
				SWIFT_VERSION = 5.0;
				TARGETED_DEVICE_FAMILY = "1,2";
			};
			name = Debug;
		};
		3552799D2313F20C005992CF /* Release */ = {
			isa = XCBuildConfiguration;
			buildSettings = {
				ASSETCATALOG_COMPILER_APPICON_NAME = AppIcon;
				CODE_SIGN_STYLE = Automatic;
				DEVELOPMENT_TEAM = VSH7W5Y66V;
				INFOPLIST_FILE = LFLocationDemo/Info.plist;
				LD_RUNPATH_SEARCH_PATHS = (
					"$(inherited)",
					"@executable_path/Frameworks",
				);
				PRODUCT_BUNDLE_IDENTIFIER = com.GIthub.LFLocationDemo;
				PRODUCT_NAME = "$(TARGET_NAME)";
				SWIFT_VERSION = 5.0;
				TARGETED_DEVICE_FAMILY = "1,2";
			};
			name = Release;
		};
/* End XCBuildConfiguration section */

/* Begin XCConfigurationList section */
		355279822313F20B005992CF /* Build configuration list for PBXProject "LFLocationDemo" */ = {
			isa = XCConfigurationList;
			buildConfigurations = (
				355279992313F20C005992CF /* Debug */,
				3552799A2313F20C005992CF /* Release */,
			);
			defaultConfigurationIsVisible = 0;
			defaultConfigurationName = Release;
		};
		3552799B2313F20C005992CF /* Build configuration list for PBXNativeTarget "LFLocationDemo" */ = {
			isa = XCConfigurationList;
			buildConfigurations = (
				3552799C2313F20C005992CF /* Debug */,
				3552799D2313F20C005992CF /* Release */,
			);
			defaultConfigurationIsVisible = 0;
			defaultConfigurationName = Release;
		};
/* End XCConfigurationList section */
	};
	rootObject = 3552797F2313F20B005992CF /* Project object */;
}
